// !$*UTF8*$!
{
	archiveVersion = 1;
	classes = {
	};
	objectVersion = 56;
	objects = {

/* Begin PBXBuildFile section */
		456833E12A92ABBE0046D904 /* Swift_RealmApp.swift in Sources */ = {isa = PBXBuildFile; fileRef = 456833E02A92ABBE0046D904 /* Swift_RealmApp.swift */; };
		456833E32A92ABBE0046D904 /* ContentView.swift in Sources */ = {isa = PBXBuildFile; fileRef = 456833E22A92ABBE0046D904 /* ContentView.swift */; };
		456833E52A92ABBF0046D904 /* Assets.xcassets in Resources */ = {isa = PBXBuildFile; fileRef = 456833E42A92ABBF0046D904 /* Assets.xcassets */; };
		456833E92A92ABBF0046D904 /* Preview Assets.xcassets in Resources */ = {isa = PBXBuildFile; fileRef = 456833E82A92ABBF0046D904 /* Preview Assets.xcassets */; };
		456833F32A92ABC00046D904 /* Swift_RealmTests.swift in Sources */ = {isa = PBXBuildFile; fileRef = 456833F22A92ABC00046D904 /* Swift_RealmTests.swift */; };
		456833FD2A92ABC00046D904 /* Swift_RealmUITests.swift in Sources */ = {isa = PBXBuildFile; fileRef = 456833FC2A92ABC00046D904 /* Swift_RealmUITests.swift */; };
		456833FF2A92ABC00046D904 /* Swift_RealmUITestsLaunchTests.swift in Sources */ = {isa = PBXBuildFile; fileRef = 456833FE2A92ABC00046D904 /* Swift_RealmUITestsLaunchTests.swift */; };
		4568340D2A92AF8A0046D904 /* TaskView.swift in Sources */ = {isa = PBXBuildFile; fileRef = 4568340C2A92AF8A0046D904 /* TaskView.swift */; };
		4568340F2A92B4BB0046D904 /* TaskRow.swift in Sources */ = {isa = PBXBuildFile; fileRef = 4568340E2A92B4BB0046D904 /* TaskRow.swift */; };
		456834112A92B6EB0046D904 /* AddTaskView.swift in Sources */ = {isa = PBXBuildFile; fileRef = 456834102A92B6EB0046D904 /* AddTaskView.swift */; };
/* End PBXBuildFile section */

/* Begin PBXContainerItemProxy section */
		456833EF2A92ABC00046D904 /* PBXContainerItemProxy */ = {
			isa = PBXContainerItemProxy;
			containerPortal = 456833D52A92ABBE0046D904 /* Project object */;
			proxyType = 1;
			remoteGlobalIDString = 456833DC2A92ABBE0046D904;
			remoteInfo = "Swift-Realm";
		};
		456833F92A92ABC00046D904 /* PBXContainerItemProxy */ = {
			isa = PBXContainerItemProxy;
			containerPortal = 456833D52A92ABBE0046D904 /* Project object */;
			proxyType = 1;
			remoteGlobalIDString = 456833DC2A92ABBE0046D904;
			remoteInfo = "Swift-Realm";
		};
/* End PBXContainerItemProxy section */

/* Begin PBXFileReference section */
		456833DD2A92ABBE0046D904 /* Swift-Realm.app */ = {isa = PBXFileReference; explicitFileType = wrapper.application; includeInIndex = 0; path = "Swift-Realm.app"; sourceTree = BUILT_PRODUCTS_DIR; };
		456833E02A92ABBE0046D904 /* Swift_RealmApp.swift */ = {isa = PBXFileReference; lastKnownFileType = sourcecode.swift; path = Swift_RealmApp.swift; sourceTree = "<group>"; };
		456833E22A92ABBE0046D904 /* ContentView.swift */ = {isa = PBXFileReference; lastKnownFileType = sourcecode.swift; path = ContentView.swift; sourceTree = "<group>"; };
		456833E42A92ABBF0046D904 /* Assets.xcassets */ = {isa = PBXFileReference; lastKnownFileType = folder.assetcatalog; path = Assets.xcassets; sourceTree = "<group>"; };
		456833E62A92ABBF0046D904 /* Swift_Realm.entitlements */ = {isa = PBXFileReference; lastKnownFileType = text.plist.entitlements; path = Swift_Realm.entitlements; sourceTree = "<group>"; };
		456833E82A92ABBF0046D904 /* Preview Assets.xcassets */ = {isa = PBXFileReference; lastKnownFileType = folder.assetcatalog; path = "Preview Assets.xcassets"; sourceTree = "<group>"; };
		456833EE2A92ABC00046D904 /* Swift-RealmTests.xctest */ = {isa = PBXFileReference; explicitFileType = wrapper.cfbundle; includeInIndex = 0; path = "Swift-RealmTests.xctest"; sourceTree = BUILT_PRODUCTS_DIR; };
		456833F22A92ABC00046D904 /* Swift_RealmTests.swift */ = {isa = PBXFileReference; lastKnownFileType = sourcecode.swift; path = Swift_RealmTests.swift; sourceTree = "<group>"; };
		456833F82A92ABC00046D904 /* Swift-RealmUITests.xctest */ = {isa = PBXFileReference; explicitFileType = wrapper.cfbundle; includeInIndex = 0; path = "Swift-RealmUITests.xctest"; sourceTree = BUILT_PRODUCTS_DIR; };
		456833FC2A92ABC00046D904 /* Swift_RealmUITests.swift */ = {isa = PBXFileReference; lastKnownFileType = sourcecode.swift; path = Swift_RealmUITests.swift; sourceTree = "<group>"; };
		456833FE2A92ABC00046D904 /* Swift_RealmUITestsLaunchTests.swift */ = {isa = PBXFileReference; lastKnownFileType = sourcecode.swift; path = Swift_RealmUITestsLaunchTests.swift; sourceTree = "<group>"; };
		4568340C2A92AF8A0046D904 /* TaskView.swift */ = {isa = PBXFileReference; lastKnownFileType = sourcecode.swift; path = TaskView.swift; sourceTree = "<group>"; };
		4568340E2A92B4BB0046D904 /* TaskRow.swift */ = {isa = PBXFileReference; lastKnownFileType = sourcecode.swift; path = TaskRow.swift; sourceTree = "<group>"; };
		456834102A92B6EB0046D904 /* AddTaskView.swift */ = {isa = PBXFileReference; lastKnownFileType = sourcecode.swift; path = AddTaskView.swift; sourceTree = "<group>"; };
/* End PBXFileReference section */

/* Begin PBXFrameworksBuildPhase section */
		456833DA2A92ABBE0046D904 /* Frameworks */ = {
			isa = PBXFrameworksBuildPhase;
			buildActionMask = 2147483647;
			files = (
			);
			runOnlyForDeploymentPostprocessing = 0;
		};
		456833EB2A92ABC00046D904 /* Frameworks */ = {
			isa = PBXFrameworksBuildPhase;
			buildActionMask = 2147483647;
			files = (
			);
			runOnlyForDeploymentPostprocessing = 0;
		};
		456833F52A92ABC00046D904 /* Frameworks */ = {
			isa = PBXFrameworksBuildPhase;
			buildActionMask = 2147483647;
			files = (
			);
			runOnlyForDeploymentPostprocessing = 0;
		};
/* End PBXFrameworksBuildPhase section */

/* Begin PBXGroup section */
		456833D42A92ABBE0046D904 = {
			isa = PBXGroup;
			children = (
				456833DF2A92ABBE0046D904 /* Swift-Realm */,
				456833F12A92ABC00046D904 /* Swift-RealmTests */,
				456833FB2A92ABC00046D904 /* Swift-RealmUITests */,
				456833DE2A92ABBE0046D904 /* Products */,
			);
			sourceTree = "<group>";
		};
		456833DE2A92ABBE0046D904 /* Products */ = {
			isa = PBXGroup;
			children = (
				456833DD2A92ABBE0046D904 /* Swift-Realm.app */,
				456833EE2A92ABC00046D904 /* Swift-RealmTests.xctest */,
				456833F82A92ABC00046D904 /* Swift-RealmUITests.xctest */,
			);
			name = Products;
			sourceTree = "<group>";
		};
		456833DF2A92ABBE0046D904 /* Swift-Realm */ = {
			isa = PBXGroup;
			children = (
				4568340B2A92AF650046D904 /* Views */,
				456833E02A92ABBE0046D904 /* Swift_RealmApp.swift */,
				456833E42A92ABBF0046D904 /* Assets.xcassets */,
				456833E62A92ABBF0046D904 /* Swift_Realm.entitlements */,
				456833E72A92ABBF0046D904 /* Preview Content */,
				4568340E2A92B4BB0046D904 /* TaskRow.swift */,
			);
			path = "Swift-Realm";
			sourceTree = "<group>";
		};
		456833E72A92ABBF0046D904 /* Preview Content */ = {
			isa = PBXGroup;
			children = (
				456833E82A92ABBF0046D904 /* Preview Assets.xcassets */,
			);
			path = "Preview Content";
			sourceTree = "<group>";
		};
		456833F12A92ABC00046D904 /* Swift-RealmTests */ = {
			isa = PBXGroup;
			children = (
				456833F22A92ABC00046D904 /* Swift_RealmTests.swift */,
			);
			path = "Swift-RealmTests";
			sourceTree = "<group>";
		};
		456833FB2A92ABC00046D904 /* Swift-RealmUITests */ = {
			isa = PBXGroup;
			children = (
				456833FC2A92ABC00046D904 /* Swift_RealmUITests.swift */,
				456833FE2A92ABC00046D904 /* Swift_RealmUITestsLaunchTests.swift */,
			);
			path = "Swift-RealmUITests";
			sourceTree = "<group>";
		};
		4568340B2A92AF650046D904 /* Views */ = {
			isa = PBXGroup;
			children = (
				456833E22A92ABBE0046D904 /* ContentView.swift */,
				4568340C2A92AF8A0046D904 /* TaskView.swift */,
				456834102A92B6EB0046D904 /* AddTaskView.swift */,
			);
			path = Views;
			sourceTree = "<group>";
		};
/* End PBXGroup section */

/* Begin PBXNativeTarget section */
		456833DC2A92ABBE0046D904 /* Swift-Realm */ = {
			isa = PBXNativeTarget;
			buildConfigurationList = 456834022A92ABC00046D904 /* Build configuration list for PBXNativeTarget "Swift-Realm" */;
			buildPhases = (
				456833D92A92ABBE0046D904 /* Sources */,
				456833DA2A92ABBE0046D904 /* Frameworks */,
				456833DB2A92ABBE0046D904 /* Resources */,
			);
			buildRules = (
			);
			dependencies = (
			);
			name = "Swift-Realm";
			productName = "Swift-Realm";
			productReference = 456833DD2A92ABBE0046D904 /* Swift-Realm.app */;
			productType = "com.apple.product-type.application";
		};
		456833ED2A92ABC00046D904 /* Swift-RealmTests */ = {
			isa = PBXNativeTarget;
			buildConfigurationList = 456834052A92ABC00046D904 /* Build configuration list for PBXNativeTarget "Swift-RealmTests" */;
			buildPhases = (
				456833EA2A92ABC00046D904 /* Sources */,
				456833EB2A92ABC00046D904 /* Frameworks */,
				456833EC2A92ABC00046D904 /* Resources */,
			);
			buildRules = (
			);
			dependencies = (
				456833F02A92ABC00046D904 /* PBXTargetDependency */,
			);
			name = "Swift-RealmTests";
			productName = "Swift-RealmTests";
			productReference = 456833EE2A92ABC00046D904 /* Swift-RealmTests.xctest */;
			productType = "com.apple.product-type.bundle.unit-test";
		};
		456833F72A92ABC00046D904 /* Swift-RealmUITests */ = {
			isa = PBXNativeTarget;
			buildConfigurationList = 456834082A92ABC00046D904 /* Build configuration list for PBXNativeTarget "Swift-RealmUITests" */;
			buildPhases = (
				456833F42A92ABC00046D904 /* Sources */,
				456833F52A92ABC00046D904 /* Frameworks */,
				456833F62A92ABC00046D904 /* Resources */,
			);
			buildRules = (
			);
			dependencies = (
				456833FA2A92ABC00046D904 /* PBXTargetDependency */,
			);
			name = "Swift-RealmUITests";
			productName = "Swift-RealmUITests";
			productReference = 456833F82A92ABC00046D904 /* Swift-RealmUITests.xctest */;
			productType = "com.apple.product-type.bundle.ui-testing";
		};
/* End PBXNativeTarget section */

/* Begin PBXProject section */
		456833D52A92ABBE0046D904 /* Project object */ = {
			isa = PBXProject;
			attributes = {
				BuildIndependentTargetsInParallel = 1;
				LastSwiftUpdateCheck = 1430;
				LastUpgradeCheck = 1430;
				TargetAttributes = {
					456833DC2A92ABBE0046D904 = {
						CreatedOnToolsVersion = 14.3.1;
					};
					456833ED2A92ABC00046D904 = {
						CreatedOnToolsVersion = 14.3.1;
						TestTargetID = 456833DC2A92ABBE0046D904;
					};
					456833F72A92ABC00046D904 = {
						CreatedOnToolsVersion = 14.3.1;
						TestTargetID = 456833DC2A92ABBE0046D904;
					};
				};
			};
			buildConfigurationList = 456833D82A92ABBE0046D904 /* Build configuration list for PBXProject "Swift-Realm" */;
			compatibilityVersion = "Xcode 14.0";
			developmentRegion = en;
			hasScannedForEncodings = 0;
			knownRegions = (
				en,
				Base,
			);
			mainGroup = 456833D42A92ABBE0046D904;
			productRefGroup = 456833DE2A92ABBE0046D904 /* Products */;
			projectDirPath = "";
			projectRoot = "";
			targets = (
				456833DC2A92ABBE0046D904 /* Swift-Realm */,
				456833ED2A92ABC00046D904 /* Swift-RealmTests */,
				456833F72A92ABC00046D904 /* Swift-RealmUITests */,
			);
		};
/* End PBXProject section */

/* Begin PBXResourcesBuildPhase section */
		456833DB2A92ABBE0046D904 /* Resources */ = {
			isa = PBXResourcesBuildPhase;
			buildActionMask = 2147483647;
			files = (
				456833E92A92ABBF0046D904 /* Preview Assets.xcassets in Resources */,
				456833E52A92ABBF0046D904 /* Assets.xcassets in Resources */,
			);
			runOnlyForDeploymentPostprocessing = 0;
		};
		456833EC2A92ABC00046D904 /* Resources */ = {
			isa = PBXResourcesBuildPhase;
			buildActionMask = 2147483647;
			files = (
			);
			runOnlyForDeploymentPostprocessing = 0;
		};
		456833F62A92ABC00046D904 /* Resources */ = {
			isa = PBXResourcesBuildPhase;
			buildActionMask = 2147483647;
			files = (
			);
			runOnlyForDeploymentPostprocessing = 0;
		};
/* End PBXResourcesBuildPhase section */

/* Begin PBXSourcesBuildPhase section */
		456833D92A92ABBE0046D904 /* Sources */ = {
			isa = PBXSourcesBuildPhase;
			buildActionMask = 2147483647;
			files = (
				4568340D2A92AF8A0046D904 /* TaskView.swift in Sources */,
				456834112A92B6EB0046D904 /* AddTaskView.swift in Sources */,
				456833E32A92ABBE0046D904 /* ContentView.swift in Sources */,
				456833E12A92ABBE0046D904 /* Swift_RealmApp.swift in Sources */,
				4568340F2A92B4BB0046D904 /* TaskRow.swift in Sources */,
			);
			runOnlyForDeploymentPostprocessing = 0;
		};
		456833EA2A92ABC00046D904 /* Sources */ = {
			isa = PBXSourcesBuildPhase;
			buildActionMask = 2147483647;
			files = (
				456833F32A92ABC00046D904 /* Swift_RealmTests.swift in Sources */,
			);
			runOnlyForDeploymentPostprocessing = 0;
		};
		456833F42A92ABC00046D904 /* Sources */ = {
			isa = PBXSourcesBuildPhase;
			buildActionMask = 2147483647;
			files = (
				456833FF2A92ABC00046D904 /* Swift_RealmUITestsLaunchTests.swift in Sources */,
				456833FD2A92ABC00046D904 /* Swift_RealmUITests.swift in Sources */,
			);
			runOnlyForDeploymentPostprocessing = 0;
		};
/* End PBXSourcesBuildPhase section */

/* Begin PBXTargetDependency section */
		456833F02A92ABC00046D904 /* PBXTargetDependency */ = {
			isa = PBXTargetDependency;
			target = 456833DC2A92ABBE0046D904 /* Swift-Realm */;
			targetProxy = 456833EF2A92ABC00046D904 /* PBXContainerItemProxy */;
		};
		456833FA2A92ABC00046D904 /* PBXTargetDependency */ = {
			isa = PBXTargetDependency;
			target = 456833DC2A92ABBE0046D904 /* Swift-Realm */;
			targetProxy = 456833F92A92ABC00046D904 /* PBXContainerItemProxy */;
		};
/* End PBXTargetDependency section */

/* Begin XCBuildConfiguration section */
		456834002A92ABC00046D904 /* Debug */ = {
			isa = XCBuildConfiguration;
			buildSettings = {
				ALWAYS_SEARCH_USER_PATHS = NO;
				CLANG_ANALYZER_NONNULL = YES;
				CLANG_ANALYZER_NUMBER_OBJECT_CONVERSION = YES_AGGRESSIVE;
				CLANG_CXX_LANGUAGE_STANDARD = "gnu++20";
				CLANG_ENABLE_MODULES = YES;
				CLANG_ENABLE_OBJC_ARC = YES;
				CLANG_ENABLE_OBJC_WEAK = YES;
				CLANG_WARN_BLOCK_CAPTURE_AUTORELEASING = YES;
				CLANG_WARN_BOOL_CONVERSION = YES;
				CLANG_WARN_COMMA = YES;
				CLANG_WARN_CONSTANT_CONVERSION = YES;
				CLANG_WARN_DEPRECATED_OBJC_IMPLEMENTATIONS = YES;
				CLANG_WARN_DIRECT_OBJC_ISA_USAGE = YES_ERROR;
				CLANG_WARN_DOCUMENTATION_COMMENTS = YES;
				CLANG_WARN_EMPTY_BODY = YES;
				CLANG_WARN_ENUM_CONVERSION = YES;
				CLANG_WARN_INFINITE_RECURSION = YES;
				CLANG_WARN_INT_CONVERSION = YES;
				CLANG_WARN_NON_LITERAL_NULL_CONVERSION = YES;
				CLANG_WARN_OBJC_IMPLICIT_RETAIN_SELF = YES;
				CLANG_WARN_OBJC_LITERAL_CONVERSION = YES;
				CLANG_WARN_OBJC_ROOT_CLASS = YES_ERROR;
				CLANG_WARN_QUOTED_INCLUDE_IN_FRAMEWORK_HEADER = YES;
				CLANG_WARN_RANGE_LOOP_ANALYSIS = YES;
				CLANG_WARN_STRICT_PROTOTYPES = YES;
				CLANG_WARN_SUSPICIOUS_MOVE = YES;
				CLANG_WARN_UNGUARDED_AVAILABILITY = YES_AGGRESSIVE;
				CLANG_WARN_UNREACHABLE_CODE = YES;
				CLANG_WARN__DUPLICATE_METHOD_MATCH = YES;
				COPY_PHASE_STRIP = NO;
				DEBUG_INFORMATION_FORMAT = dwarf;
				ENABLE_STRICT_OBJC_MSGSEND = YES;
				ENABLE_TESTABILITY = YES;
				GCC_C_LANGUAGE_STANDARD = gnu11;
				GCC_DYNAMIC_NO_PIC = NO;
				GCC_NO_COMMON_BLOCKS = YES;
				GCC_OPTIMIZATION_LEVEL = 0;
				GCC_PREPROCESSOR_DEFINITIONS = (
					"DEBUG=1",
					"$(inherited)",
				);
				GCC_WARN_64_TO_32_BIT_CONVERSION = YES;
				GCC_WARN_ABOUT_RETURN_TYPE = YES_ERROR;
				GCC_WARN_UNDECLARED_SELECTOR = YES;
				GCC_WARN_UNINITIALIZED_AUTOS = YES_AGGRESSIVE;
				GCC_WARN_UNUSED_FUNCTION = YES;
				GCC_WARN_UNUSED_VARIABLE = YES;
				MTL_ENABLE_DEBUG_INFO = INCLUDE_SOURCE;
				MTL_FAST_MATH = YES;
				ONLY_ACTIVE_ARCH = YES;
				SWIFT_ACTIVE_COMPILATION_CONDITIONS = DEBUG;
				SWIFT_OPTIMIZATION_LEVEL = "-Onone";
			};
			name = Debug;
		};
		456834012A92ABC00046D904 /* Release */ = {
			isa = XCBuildConfiguration;
			buildSettings = {
				ALWAYS_SEARCH_USER_PATHS = NO;
				CLANG_ANALYZER_NONNULL = YES;
				CLANG_ANALYZER_NUMBER_OBJECT_CONVERSION = YES_AGGRESSIVE;
				CLANG_CXX_LANGUAGE_STANDARD = "gnu++20";
				CLANG_ENABLE_MODULES = YES;
				CLANG_ENABLE_OBJC_ARC = YES;
				CLANG_ENABLE_OBJC_WEAK = YES;
				CLANG_WARN_BLOCK_CAPTURE_AUTORELEASING = YES;
				CLANG_WARN_BOOL_CONVERSION = YES;
				CLANG_WARN_COMMA = YES;
				CLANG_WARN_CONSTANT_CONVERSION = YES;
				CLANG_WARN_DEPRECATED_OBJC_IMPLEMENTATIONS = YES;
				CLANG_WARN_DIRECT_OBJC_ISA_USAGE = YES_ERROR;
				CLANG_WARN_DOCUMENTATION_COMMENTS = YES;
				CLANG_WARN_EMPTY_BODY = YES;
				CLANG_WARN_ENUM_CONVERSION = YES;
				CLANG_WARN_INFINITE_RECURSION = YES;
				CLANG_WARN_INT_CONVERSION = YES;
				CLANG_WARN_NON_LITERAL_NULL_CONVERSION = YES;
				CLANG_WARN_OBJC_IMPLICIT_RETAIN_SELF = YES;
				CLANG_WARN_OBJC_LITERAL_CONVERSION = YES;
				CLANG_WARN_OBJC_ROOT_CLASS = YES_ERROR;
				CLANG_WARN_QUOTED_INCLUDE_IN_FRAMEWORK_HEADER = YES;
				CLANG_WARN_RANGE_LOOP_ANALYSIS = YES;
				CLANG_WARN_STRICT_PROTOTYPES = YES;
				CLANG_WARN_SUSPICIOUS_MOVE = YES;
				CLANG_WARN_UNGUARDED_AVAILABILITY = YES_AGGRESSIVE;
				CLANG_WARN_UNREACHABLE_CODE = YES;
				CLANG_WARN__DUPLICATE_METHOD_MATCH = YES;
				COPY_PHASE_STRIP = NO;
				DEBUG_INFORMATION_FORMAT = "dwarf-with-dsym";
				ENABLE_NS_ASSERTIONS = NO;
				ENABLE_STRICT_OBJC_MSGSEND = YES;
				GCC_C_LANGUAGE_STANDARD = gnu11;
				GCC_NO_COMMON_BLOCKS = YES;
				GCC_WARN_64_TO_32_BIT_CONVERSION = YES;
				GCC_WARN_ABOUT_RETURN_TYPE = YES_ERROR;
				GCC_WARN_UNDECLARED_SELECTOR = YES;
				GCC_WARN_UNINITIALIZED_AUTOS = YES_AGGRESSIVE;
				GCC_WARN_UNUSED_FUNCTION = YES;
				GCC_WARN_UNUSED_VARIABLE = YES;
				MTL_ENABLE_DEBUG_INFO = NO;
				MTL_FAST_MATH = YES;
				SWIFT_COMPILATION_MODE = wholemodule;
				SWIFT_OPTIMIZATION_LEVEL = "-O";
			};
			name = Release;
		};
		456834032A92ABC00046D904 /* Debug */ = {
			isa = XCBuildConfiguration;
			buildSettings = {
				ASSETCATALOG_COMPILER_APPICON_NAME = AppIcon;
				ASSETCATALOG_COMPILER_GLOBAL_ACCENT_COLOR_NAME = AccentColor;
				CODE_SIGN_ENTITLEMENTS = "Swift-Realm/Swift_Realm.entitlements";
				CODE_SIGN_STYLE = Automatic;
				CURRENT_PROJECT_VERSION = 1;
				DEVELOPMENT_ASSET_PATHS = "\"Swift-Realm/Preview Content\"";
				DEVELOPMENT_TEAM = AGRWJDL2WT;
				ENABLE_HARDENED_RUNTIME = YES;
				ENABLE_PREVIEWS = YES;
				GENERATE_INFOPLIST_FILE = YES;
				"INFOPLIST_KEY_UIApplicationSceneManifest_Generation[sdk=iphoneos*]" = YES;
				"INFOPLIST_KEY_UIApplicationSceneManifest_Generation[sdk=iphonesimulator*]" = YES;
				"INFOPLIST_KEY_UIApplicationSupportsIndirectInputEvents[sdk=iphoneos*]" = YES;
				"INFOPLIST_KEY_UIApplicationSupportsIndirectInputEvents[sdk=iphonesimulator*]" = YES;
				"INFOPLIST_KEY_UILaunchScreen_Generation[sdk=iphoneos*]" = YES;
				"INFOPLIST_KEY_UILaunchScreen_Generation[sdk=iphonesimulator*]" = YES;
				"INFOPLIST_KEY_UIStatusBarStyle[sdk=iphoneos*]" = UIStatusBarStyleDefault;
				"INFOPLIST_KEY_UIStatusBarStyle[sdk=iphonesimulator*]" = UIStatusBarStyleDefault;
				INFOPLIST_KEY_UISupportedInterfaceOrientations_iPad = "UIInterfaceOrientationPortrait UIInterfaceOrientationPortraitUpsideDown UIInterfaceOrientationLandscapeLeft UIInterfaceOrientationLandscapeRight";
				INFOPLIST_KEY_UISupportedInterfaceOrientations_iPhone = "UIInterfaceOrientationPortrait UIInterfaceOrientationLandscapeLeft UIInterfaceOrientationLandscapeRight";
				IPHONEOS_DEPLOYMENT_TARGET = 16.4;
				LD_RUNPATH_SEARCH_PATHS = "@executable_path/Frameworks";
				"LD_RUNPATH_SEARCH_PATHS[sdk=macosx*]" = "@executable_path/../Frameworks";
				MACOSX_DEPLOYMENT_TARGET = 13.3;
				MARKETING_VERSION = 1.0;
				PRODUCT_BUNDLE_IDENTIFIER = "investment.Swift-Realm";
				PRODUCT_NAME = "$(TARGET_NAME)";
				SDKROOT = auto;
				SUPPORTED_PLATFORMS = "iphoneos iphonesimulator macosx";
				SWIFT_EMIT_LOC_STRINGS = YES;
				SWIFT_VERSION = 5.0;
				TARGETED_DEVICE_FAMILY = "1,2";
			};
			name = Debug;
		};
		456834042A92ABC00046D904 /* Release */ = {
			isa = XCBuildConfiguration;
			buildSettings = {
				ASSETCATALOG_COMPILER_APPICON_NAME = AppIcon;
				ASSETCATALOG_COMPILER_GLOBAL_ACCENT_COLOR_NAME = AccentColor;
				CODE_SIGN_ENTITLEMENTS = "Swift-Realm/Swift_Realm.entitlements";
				CODE_SIGN_STYLE = Automatic;
				CURRENT_PROJECT_VERSION = 1;
				DEVELOPMENT_ASSET_PATHS = "\"Swift-Realm/Preview Content\"";
				DEVELOPMENT_TEAM = AGRWJDL2WT;
				ENABLE_HARDENED_RUNTIME = YES;
				ENABLE_PREVIEWS = YES;
				GENERATE_INFOPLIST_FILE = YES;
				"INFOPLIST_KEY_UIApplicationSceneManifest_Generation[sdk=iphoneos*]" = YES;
				"INFOPLIST_KEY_UIApplicationSceneManifest_Generation[sdk=iphonesimulator*]" = YES;
				"INFOPLIST_KEY_UIApplicationSupportsIndirectInputEvents[sdk=iphoneos*]" = YES;
				"INFOPLIST_KEY_UIApplicationSupportsIndirectInputEvents[sdk=iphonesimulator*]" = YES;
				"INFOPLIST_KEY_UILaunchScreen_Generation[sdk=iphoneos*]" = YES;
				"INFOPLIST_KEY_UILaunchScreen_Generation[sdk=iphonesimulator*]" = YES;
				"INFOPLIST_KEY_UIStatusBarStyle[sdk=iphoneos*]" = UIStatusBarStyleDefault;
				"INFOPLIST_KEY_UIStatusBarStyle[sdk=iphonesimulator*]" = UIStatusBarStyleDefault;
				INFOPLIST_KEY_UISupportedInterfaceOrientations_iPad = "UIInterfaceOrientationPortrait UIInterfaceOrientationPortraitUpsideDown UIInterfaceOrientationLandscapeLeft UIInterfaceOrientationLandscapeRight";
				INFOPLIST_KEY_UISupportedInterfaceOrientations_iPhone = "UIInterfaceOrientationPortrait UIInterfaceOrientationLandscapeLeft UIInterfaceOrientationLandscapeRight";
				IPHONEOS_DEPLOYMENT_TARGET = 16.4;
				LD_RUNPATH_SEARCH_PATHS = "@executable_path/Frameworks";
				"LD_RUNPATH_SEARCH_PATHS[sdk=macosx*]" = "@executable_path/../Frameworks";
				MACOSX_DEPLOYMENT_TARGET = 13.3;
				MARKETING_VERSION = 1.0;
				PRODUCT_BUNDLE_IDENTIFIER = "investment.Swift-Realm";
				PRODUCT_NAME = "$(TARGET_NAME)";
				SDKROOT = auto;
				SUPPORTED_PLATFORMS = "iphoneos iphonesimulator macosx";
				SWIFT_EMIT_LOC_STRINGS = YES;
				SWIFT_VERSION = 5.0;
				TARGETED_DEVICE_FAMILY = "1,2";
			};
			name = Release;
		};
		456834062A92ABC00046D904 /* Debug */ = {
			isa = XCBuildConfiguration;
			buildSettings = {
				ALWAYS_EMBED_SWIFT_STANDARD_LIBRARIES = YES;
				BUNDLE_LOADER = "$(TEST_HOST)";
				CODE_SIGN_STYLE = Automatic;
				CURRENT_PROJECT_VERSION = 1;
				DEVELOPMENT_TEAM = AGRWJDL2WT;
				GENERATE_INFOPLIST_FILE = YES;
				IPHONEOS_DEPLOYMENT_TARGET = 16.4;
				MACOSX_DEPLOYMENT_TARGET = 13.3;
				MARKETING_VERSION = 1.0;
				PRODUCT_BUNDLE_IDENTIFIER = "investment.Swift-RealmTests";
				PRODUCT_NAME = "$(TARGET_NAME)";
				SDKROOT = auto;
				SUPPORTED_PLATFORMS = "iphoneos iphonesimulator macosx";
				SWIFT_EMIT_LOC_STRINGS = NO;
				SWIFT_VERSION = 5.0;
				TARGETED_DEVICE_FAMILY = "1,2";
				TEST_HOST = "$(BUILT_PRODUCTS_DIR)/Swift-Realm.app/$(BUNDLE_EXECUTABLE_FOLDER_PATH)/Swift-Realm";
			};
			name = Debug;
		};
		456834072A92ABC00046D904 /* Release */ = {
			isa = XCBuildConfiguration;
			buildSettings = {
				ALWAYS_EMBED_SWIFT_STANDARD_LIBRARIES = YES;
				BUNDLE_LOADER = "$(TEST_HOST)";
				CODE_SIGN_STYLE = Automatic;
				CURRENT_PROJECT_VERSION = 1;
				DEVELOPMENT_TEAM = AGRWJDL2WT;
				GENERATE_INFOPLIST_FILE = YES;
				IPHONEOS_DEPLOYMENT_TARGET = 16.4;
				MACOSX_DEPLOYMENT_TARGET = 13.3;
				MARKETING_VERSION = 1.0;
				PRODUCT_BUNDLE_IDENTIFIER = "investment.Swift-RealmTests";
				PRODUCT_NAME = "$(TARGET_NAME)";
				SDKROOT = auto;
				SUPPORTED_PLATFORMS = "iphoneos iphonesimulator macosx";
				SWIFT_EMIT_LOC_STRINGS = NO;
				SWIFT_VERSION = 5.0;
				TARGETED_DEVICE_FAMILY = "1,2";
				TEST_HOST = "$(BUILT_PRODUCTS_DIR)/Swift-Realm.app/$(BUNDLE_EXECUTABLE_FOLDER_PATH)/Swift-Realm";
			};
			name = Release;
		};
		456834092A92ABC00046D904 /* Debug */ = {
			isa = XCBuildConfiguration;
			buildSettings = {
				ALWAYS_EMBED_SWIFT_STANDARD_LIBRARIES = YES;
				CODE_SIGN_STYLE = Automatic;
				CURRENT_PROJECT_VERSION = 1;
				DEVELOPMENT_TEAM = AGRWJDL2WT;
				GENERATE_INFOPLIST_FILE = YES;
				IPHONEOS_DEPLOYMENT_TARGET = 16.4;
				MACOSX_DEPLOYMENT_TARGET = 13.3;
				MARKETING_VERSION = 1.0;
				PRODUCT_BUNDLE_IDENTIFIER = "investment.Swift-RealmUITests";
				PRODUCT_NAME = "$(TARGET_NAME)";
				SDKROOT = auto;
				SUPPORTED_PLATFORMS = "iphoneos iphonesimulator macosx";
				SWIFT_EMIT_LOC_STRINGS = NO;
				SWIFT_VERSION = 5.0;
				TARGETED_DEVICE_FAMILY = "1,2";
				TEST_TARGET_NAME = "Swift-Realm";
			};
			name = Debug;
		};
		4568340A2A92ABC00046D904 /* Release */ = {
			isa = XCBuildConfiguration;
			buildSettings = {
				ALWAYS_EMBED_SWIFT_STANDARD_LIBRARIES = YES;
				CODE_SIGN_STYLE = Automatic;
				CURRENT_PROJECT_VERSION = 1;
				DEVELOPMENT_TEAM = AGRWJDL2WT;
				GENERATE_INFOPLIST_FILE = YES;
				IPHONEOS_DEPLOYMENT_TARGET = 16.4;
				MACOSX_DEPLOYMENT_TARGET = 13.3;
				MARKETING_VERSION = 1.0;
				PRODUCT_BUNDLE_IDENTIFIER = "investment.Swift-RealmUITests";
				PRODUCT_NAME = "$(TARGET_NAME)";
				SDKROOT = auto;
				SUPPORTED_PLATFORMS = "iphoneos iphonesimulator macosx";
				SWIFT_EMIT_LOC_STRINGS = NO;
				SWIFT_VERSION = 5.0;
				TARGETED_DEVICE_FAMILY = "1,2";
				TEST_TARGET_NAME = "Swift-Realm";
			};
			name = Release;
		};
/* End XCBuildConfiguration section */

/* Begin XCConfigurationList section */
		456833D82A92ABBE0046D904 /* Build configuration list for PBXProject "Swift-Realm" */ = {
			isa = XCConfigurationList;
			buildConfigurations = (
				456834002A92ABC00046D904 /* Debug */,
				456834012A92ABC00046D904 /* Release */,
			);
			defaultConfigurationIsVisible = 0;
			defaultConfigurationName = Release;
		};
		456834022A92ABC00046D904 /* Build configuration list for PBXNativeTarget "Swift-Realm" */ = {
			isa = XCConfigurationList;
			buildConfigurations = (
				456834032A92ABC00046D904 /* Debug */,
				456834042A92ABC00046D904 /* Release */,
			);
			defaultConfigurationIsVisible = 0;
			defaultConfigurationName = Release;
		};
		456834052A92ABC00046D904 /* Build configuration list for PBXNativeTarget "Swift-RealmTests" */ = {
			isa = XCConfigurationList;
			buildConfigurations = (
				456834062A92ABC00046D904 /* Debug */,
				456834072A92ABC00046D904 /* Release */,
			);
			defaultConfigurationIsVisible = 0;
			defaultConfigurationName = Release;
		};
		456834082A92ABC00046D904 /* Build configuration list for PBXNativeTarget "Swift-RealmUITests" */ = {
			isa = XCConfigurationList;
			buildConfigurations = (
				456834092A92ABC00046D904 /* Debug */,
				4568340A2A92ABC00046D904 /* Release */,
			);
			defaultConfigurationIsVisible = 0;
			defaultConfigurationName = Release;
		};
/* End XCConfigurationList section */
	};
	rootObject = 456833D52A92ABBE0046D904 /* Project object */;
}
